
Microsoft Visual Studio Solution File, Format Version 12.00
# Visual Studio 15
VisualStudioVersion = 15.0.28307.421
MinimumVisualStudioVersion = 10.0.40219.1
Project("{FAE04EC0-301F-11D3-BF4B-00C04F79EFBC}") = "Inn", "Inn\Inn.csproj", "{F56AAA05-12FE-4DC4-9445-4FB8B5FBB76F}"
EndProject
Global
	GlobalSection(SolutionConfigurationPlatforms) = preSolution
		Debug|Any CPU = Debug|Any CPU
		Release|Any CPU = Release|Any CPU
	EndGlobalSection
	GlobalSection(ProjectConfigurationPlatforms) = postSolution
		{F56AAA05-12FE-4DC4-9445-4FB8B5FBB76F}.Debug|Any CPU.ActiveCfg = Debug|Any CPU
		{F56AAA05-12FE-4DC4-9445-4FB8B5FBB76F}.Debug|Any CPU.Build.0 = Debug|Any CPU
		{F56AAA05-12FE-4DC4-9445-4FB8B5FBB76F}.Release|Any CPU.ActiveCfg = Release|Any CPU
		{F56AAA05-12FE-4DC4-9445-4FB8B5FBB76F}.Release|Any CPU.Build.0 = Release|Any CPU
	EndGlobalSection
	GlobalSection(SolutionProperties) = preSolution
		HideSolutionNode = FALSE
	EndGlobalSection
	GlobalSection(ExtensibilityGlobals) = postSolution
		SolutionGuid = {29946366-81BD-44DE-A50A-05A2E615EAD9}
	EndGlobalSection
EndGlobal
